
Microsoft Visual Studio Solution File, Format Version 12.00
# Visual Studio Version 17
VisualStudioVersion = 17.8.34316.72
MinimumVisualStudioVersion = 10.0.40219.1
Project("{FAE04EC0-301F-11D3-BF4B-00C04F79EFBC}") = "ExPropostoBeecrowd1060", "ExPropostoBeecrowd1060\ExPropostoBeecrowd1060.csproj", "{24501B52-F2E8-4F1F-BCC2-2BBEC623136A}"
EndProject
Global
	GlobalSection(SolutionConfigurationPlatforms) = preSolution
		Debug|Any CPU = Debug|Any CPU
		Release|Any CPU = Release|Any CPU
	EndGlobalSection
	GlobalSection(ProjectConfigurationPlatforms) = postSolution
		{24501B52-F2E8-4F1F-BCC2-2BBEC623136A}.Debug|Any CPU.ActiveCfg = Debug|Any CPU
		{24501B52-F2E8-4F1F-BCC2-2BBEC623136A}.Debug|Any CPU.Build.0 = Debug|Any CPU
		{24501B52-F2E8-4F1F-BCC2-2BBEC623136A}.Release|Any CPU.ActiveCfg = Release|Any CPU
		{24501B52-F2E8-4F1F-BCC2-2BBEC623136A}.Release|Any CPU.Build.0 = Release|Any CPU
	EndGlobalSection
	GlobalSection(SolutionProperties) = preSolution
		HideSolutionNode = FALSE
	EndGlobalSection
	GlobalSection(ExtensibilityGlobals) = postSolution
		SolutionGuid = {82ADE2DF-8DDA-41D8-84CD-9013B4299B87}
	EndGlobalSection
EndGlobal
