
Microsoft Visual Studio Solution File, Format Version 12.00
# Visual Studio Version 17
VisualStudioVersion = 17.7.34221.43
MinimumVisualStudioVersion = 10.0.40219.1
Project("{FAE04EC0-301F-11D3-BF4B-00C04F79EFBC}") = "ExResolvido3IdadeMedia", "ExResolvido3IdadeMedia\ExResolvido3IdadeMedia.csproj", "{A5681E46-AD47-402E-9C3B-D1178DC8F279}"
EndProject
Global
	GlobalSection(SolutionConfigurationPlatforms) = preSolution
		Debug|Any CPU = Debug|Any CPU
		Release|Any CPU = Release|Any CPU
	EndGlobalSection
	GlobalSection(ProjectConfigurationPlatforms) = postSolution
		{A5681E46-AD47-402E-9C3B-D1178DC8F279}.Debug|Any CPU.ActiveCfg = Debug|Any CPU
		{A5681E46-AD47-402E-9C3B-D1178DC8F279}.Debug|Any CPU.Build.0 = Debug|Any CPU
		{A5681E46-AD47-402E-9C3B-D1178DC8F279}.Release|Any CPU.ActiveCfg = Release|Any CPU
		{A5681E46-AD47-402E-9C3B-D1178DC8F279}.Release|Any CPU.Build.0 = Release|Any CPU
	EndGlobalSection
	GlobalSection(SolutionProperties) = preSolution
		HideSolutionNode = FALSE
	EndGlobalSection
	GlobalSection(ExtensibilityGlobals) = postSolution
		SolutionGuid = {4515FA7F-50ED-49F9-AC45-56C2CFB80CBA}
	EndGlobalSection
EndGlobal
