
Microsoft Visual Studio Solution File, Format Version 12.00
# Visual Studio Version 17
VisualStudioVersion = 17.7.34221.43
MinimumVisualStudioVersion = 10.0.40219.1
Project("{FAE04EC0-301F-11D3-BF4B-00C04F79EFBC}") = "ExPropostoBeecrowd1008", "ExPropostoBeecrowd1008\ExPropostoBeecrowd1008.csproj", "{CE580074-71CA-4BCC-B9BA-8FBEF21442EB}"
EndProject
Global
	GlobalSection(SolutionConfigurationPlatforms) = preSolution
		Debug|Any CPU = Debug|Any CPU
		Release|Any CPU = Release|Any CPU
	EndGlobalSection
	GlobalSection(ProjectConfigurationPlatforms) = postSolution
		{CE580074-71CA-4BCC-B9BA-8FBEF21442EB}.Debug|Any CPU.ActiveCfg = Debug|Any CPU
		{CE580074-71CA-4BCC-B9BA-8FBEF21442EB}.Debug|Any CPU.Build.0 = Debug|Any CPU
		{CE580074-71CA-4BCC-B9BA-8FBEF21442EB}.Release|Any CPU.ActiveCfg = Release|Any CPU
		{CE580074-71CA-4BCC-B9BA-8FBEF21442EB}.Release|Any CPU.Build.0 = Release|Any CPU
	EndGlobalSection
	GlobalSection(SolutionProperties) = preSolution
		HideSolutionNode = FALSE
	EndGlobalSection
	GlobalSection(ExtensibilityGlobals) = postSolution
		SolutionGuid = {D4828BDC-C37D-44C4-AF6E-484603750BC8}
	EndGlobalSection
EndGlobal
