
Microsoft Visual Studio Solution File, Format Version 12.00
# Visual Studio Version 17
VisualStudioVersion = 17.7.34221.43
MinimumVisualStudioVersion = 10.0.40219.1
Project("{FAE04EC0-301F-11D3-BF4B-00C04F79EFBC}") = "ExPropostoBeecrowd1020", "ExPropostoBeecrowd1020\ExPropostoBeecrowd1020.csproj", "{067E8706-99B5-4A86-BAA0-220620119B39}"
EndProject
Global
	GlobalSection(SolutionConfigurationPlatforms) = preSolution
		Debug|Any CPU = Debug|Any CPU
		Release|Any CPU = Release|Any CPU
	EndGlobalSection
	GlobalSection(ProjectConfigurationPlatforms) = postSolution
		{067E8706-99B5-4A86-BAA0-220620119B39}.Debug|Any CPU.ActiveCfg = Debug|Any CPU
		{067E8706-99B5-4A86-BAA0-220620119B39}.Debug|Any CPU.Build.0 = Debug|Any CPU
		{067E8706-99B5-4A86-BAA0-220620119B39}.Release|Any CPU.ActiveCfg = Release|Any CPU
		{067E8706-99B5-4A86-BAA0-220620119B39}.Release|Any CPU.Build.0 = Release|Any CPU
	EndGlobalSection
	GlobalSection(SolutionProperties) = preSolution
		HideSolutionNode = FALSE
	EndGlobalSection
	GlobalSection(ExtensibilityGlobals) = postSolution
		SolutionGuid = {3D72A806-323B-4BEA-B538-2F4F57C00D9A}
	EndGlobalSection
EndGlobal
