
Microsoft Visual Studio Solution File, Format Version 12.00
# Visual Studio Version 17
VisualStudioVersion = 17.8.34316.72
MinimumVisualStudioVersion = 10.0.40219.1
Project("{FAE04EC0-301F-11D3-BF4B-00C04F79EFBC}") = "ExPropostoBeecrowd1070", "ExPropostoBeecrowd1070\ExPropostoBeecrowd1070.csproj", "{40B5BB35-60EF-4925-94F4-A63C17157909}"
EndProject
Global
	GlobalSection(SolutionConfigurationPlatforms) = preSolution
		Debug|Any CPU = Debug|Any CPU
		Release|Any CPU = Release|Any CPU
	EndGlobalSection
	GlobalSection(ProjectConfigurationPlatforms) = postSolution
		{40B5BB35-60EF-4925-94F4-A63C17157909}.Debug|Any CPU.ActiveCfg = Debug|Any CPU
		{40B5BB35-60EF-4925-94F4-A63C17157909}.Debug|Any CPU.Build.0 = Debug|Any CPU
		{40B5BB35-60EF-4925-94F4-A63C17157909}.Release|Any CPU.ActiveCfg = Release|Any CPU
		{40B5BB35-60EF-4925-94F4-A63C17157909}.Release|Any CPU.Build.0 = Release|Any CPU
	EndGlobalSection
	GlobalSection(SolutionProperties) = preSolution
		HideSolutionNode = FALSE
	EndGlobalSection
	GlobalSection(ExtensibilityGlobals) = postSolution
		SolutionGuid = {87A75F93-57FA-4EE1-B1EA-F58E7EAF4278}
	EndGlobalSection
EndGlobal
