
Microsoft Visual Studio Solution File, Format Version 12.00
# Visual Studio Version 17
VisualStudioVersion = 17.7.34221.43
MinimumVisualStudioVersion = 10.0.40219.1
Project("{FAE04EC0-301F-11D3-BF4B-00C04F79EFBC}") = "ExResolvido1SituacaoAluno", "ExResolvido1SituacaoAluno\ExResolvido1SituacaoAluno.csproj", "{6B40F8F0-2C70-4635-A7C0-CBAF0B3D82F1}"
EndProject
Global
	GlobalSection(SolutionConfigurationPlatforms) = preSolution
		Debug|Any CPU = Debug|Any CPU
		Release|Any CPU = Release|Any CPU
	EndGlobalSection
	GlobalSection(ProjectConfigurationPlatforms) = postSolution
		{6B40F8F0-2C70-4635-A7C0-CBAF0B3D82F1}.Debug|Any CPU.ActiveCfg = Debug|Any CPU
		{6B40F8F0-2C70-4635-A7C0-CBAF0B3D82F1}.Debug|Any CPU.Build.0 = Debug|Any CPU
		{6B40F8F0-2C70-4635-A7C0-CBAF0B3D82F1}.Release|Any CPU.ActiveCfg = Release|Any CPU
		{6B40F8F0-2C70-4635-A7C0-CBAF0B3D82F1}.Release|Any CPU.Build.0 = Release|Any CPU
	EndGlobalSection
	GlobalSection(SolutionProperties) = preSolution
		HideSolutionNode = FALSE
	EndGlobalSection
	GlobalSection(ExtensibilityGlobals) = postSolution
		SolutionGuid = {54738587-DEC3-43A8-AE84-838F1B6B99D7}
	EndGlobalSection
EndGlobal
