
Microsoft Visual Studio Solution File, Format Version 12.00
# Visual Studio Version 17
VisualStudioVersion = 17.8.34316.72
MinimumVisualStudioVersion = 10.0.40219.1
Project("{FAE04EC0-301F-11D3-BF4B-00C04F79EFBC}") = "ExPropostoBeecrowd1052", "ExPropostoBeecrowd1052\ExPropostoBeecrowd1052.csproj", "{BF92FB37-9F12-458E-A038-AD9DA8C3E5F3}"
EndProject
Global
	GlobalSection(SolutionConfigurationPlatforms) = preSolution
		Debug|Any CPU = Debug|Any CPU
		Release|Any CPU = Release|Any CPU
	EndGlobalSection
	GlobalSection(ProjectConfigurationPlatforms) = postSolution
		{BF92FB37-9F12-458E-A038-AD9DA8C3E5F3}.Debug|Any CPU.ActiveCfg = Debug|Any CPU
		{BF92FB37-9F12-458E-A038-AD9DA8C3E5F3}.Debug|Any CPU.Build.0 = Debug|Any CPU
		{BF92FB37-9F12-458E-A038-AD9DA8C3E5F3}.Release|Any CPU.ActiveCfg = Release|Any CPU
		{BF92FB37-9F12-458E-A038-AD9DA8C3E5F3}.Release|Any CPU.Build.0 = Release|Any CPU
	EndGlobalSection
	GlobalSection(SolutionProperties) = preSolution
		HideSolutionNode = FALSE
	EndGlobalSection
	GlobalSection(ExtensibilityGlobals) = postSolution
		SolutionGuid = {4999BA08-D419-43E7-AA40-0FA957B8FCDE}
	EndGlobalSection
EndGlobal
