
Microsoft Visual Studio Solution File, Format Version 12.00
# Visual Studio Version 17
VisualStudioVersion = 17.8.34309.116
MinimumVisualStudioVersion = 10.0.40219.1
Project("{FAE04EC0-301F-11D3-BF4B-00C04F79EFBC}") = "ExPropostoBeecrowd1046", "ExPropostoBeecrowd1046\ExPropostoBeecrowd1046.csproj", "{1BE25875-9384-4FE1-9136-B58A8094860D}"
EndProject
Global
	GlobalSection(SolutionConfigurationPlatforms) = preSolution
		Debug|Any CPU = Debug|Any CPU
		Release|Any CPU = Release|Any CPU
	EndGlobalSection
	GlobalSection(ProjectConfigurationPlatforms) = postSolution
		{1BE25875-9384-4FE1-9136-B58A8094860D}.Debug|Any CPU.ActiveCfg = Debug|Any CPU
		{1BE25875-9384-4FE1-9136-B58A8094860D}.Debug|Any CPU.Build.0 = Debug|Any CPU
		{1BE25875-9384-4FE1-9136-B58A8094860D}.Release|Any CPU.ActiveCfg = Release|Any CPU
		{1BE25875-9384-4FE1-9136-B58A8094860D}.Release|Any CPU.Build.0 = Release|Any CPU
	EndGlobalSection
	GlobalSection(SolutionProperties) = preSolution
		HideSolutionNode = FALSE
	EndGlobalSection
	GlobalSection(ExtensibilityGlobals) = postSolution
		SolutionGuid = {ADC01336-C080-4062-B0AB-163199125FAD}
	EndGlobalSection
EndGlobal
