
Microsoft Visual Studio Solution File, Format Version 12.00
# Visual Studio Version 17
VisualStudioVersion = 17.7.34221.43
MinimumVisualStudioVersion = 10.0.40219.1
Project("{FAE04EC0-301F-11D3-BF4B-00C04F79EFBC}") = "ExResolvido1AreaPrecoDoTerreno", "ExResolvido1AreaPrecoDoTerreno\ExResolvido1AreaPrecoDoTerreno.csproj", "{EB339434-89F4-4C16-AACC-BE6851604DBC}"
EndProject
Global
	GlobalSection(SolutionConfigurationPlatforms) = preSolution
		Debug|Any CPU = Debug|Any CPU
		Release|Any CPU = Release|Any CPU
	EndGlobalSection
	GlobalSection(ProjectConfigurationPlatforms) = postSolution
		{EB339434-89F4-4C16-AACC-BE6851604DBC}.Debug|Any CPU.ActiveCfg = Debug|Any CPU
		{EB339434-89F4-4C16-AACC-BE6851604DBC}.Debug|Any CPU.Build.0 = Debug|Any CPU
		{EB339434-89F4-4C16-AACC-BE6851604DBC}.Release|Any CPU.ActiveCfg = Release|Any CPU
		{EB339434-89F4-4C16-AACC-BE6851604DBC}.Release|Any CPU.Build.0 = Release|Any CPU
	EndGlobalSection
	GlobalSection(SolutionProperties) = preSolution
		HideSolutionNode = FALSE
	EndGlobalSection
	GlobalSection(ExtensibilityGlobals) = postSolution
		SolutionGuid = {6E63C631-4947-4DD9-87C0-11BC644F1842}
	EndGlobalSection
EndGlobal
