
Microsoft Visual Studio Solution File, Format Version 12.00
# Visual Studio Version 17
VisualStudioVersion = 17.7.34221.43
MinimumVisualStudioVersion = 10.0.40219.1
Project("{FAE04EC0-301F-11D3-BF4B-00C04F79EFBC}") = "ExPropostoBeecrowd1011", "ExPropostoBeecrowd1011\ExPropostoBeecrowd1011.csproj", "{004546BE-253C-40F4-BEE7-F6C2C1458B94}"
EndProject
Global
	GlobalSection(SolutionConfigurationPlatforms) = preSolution
		Debug|Any CPU = Debug|Any CPU
		Release|Any CPU = Release|Any CPU
	EndGlobalSection
	GlobalSection(ProjectConfigurationPlatforms) = postSolution
		{004546BE-253C-40F4-BEE7-F6C2C1458B94}.Debug|Any CPU.ActiveCfg = Debug|Any CPU
		{004546BE-253C-40F4-BEE7-F6C2C1458B94}.Debug|Any CPU.Build.0 = Debug|Any CPU
		{004546BE-253C-40F4-BEE7-F6C2C1458B94}.Release|Any CPU.ActiveCfg = Release|Any CPU
		{004546BE-253C-40F4-BEE7-F6C2C1458B94}.Release|Any CPU.Build.0 = Release|Any CPU
	EndGlobalSection
	GlobalSection(SolutionProperties) = preSolution
		HideSolutionNode = FALSE
	EndGlobalSection
	GlobalSection(ExtensibilityGlobals) = postSolution
		SolutionGuid = {86314532-6E1C-4A3D-B3AF-2E7EAD25A488}
	EndGlobalSection
EndGlobal
