
Microsoft Visual Studio Solution File, Format Version 12.00
# Visual Studio Version 17
VisualStudioVersion = 17.10.35122.118
MinimumVisualStudioVersion = 10.0.40219.1
Project("{FAE04EC0-301F-11D3-BF4B-00C04F79EFBC}") = "ConsoleApp1", "ConsoleApp1\ConsoleApp1.csproj", "{3F914EF3-0D22-4F48-A850-A1A6ED9E1472}"
EndProject
Global
	GlobalSection(SolutionConfigurationPlatforms) = preSolution
		Debug|Any CPU = Debug|Any CPU
		Release|Any CPU = Release|Any CPU
	EndGlobalSection
	GlobalSection(ProjectConfigurationPlatforms) = postSolution
		{3F914EF3-0D22-4F48-A850-A1A6ED9E1472}.Debug|Any CPU.ActiveCfg = Debug|Any CPU
		{3F914EF3-0D22-4F48-A850-A1A6ED9E1472}.Debug|Any CPU.Build.0 = Debug|Any CPU
		{3F914EF3-0D22-4F48-A850-A1A6ED9E1472}.Release|Any CPU.ActiveCfg = Release|Any CPU
		{3F914EF3-0D22-4F48-A850-A1A6ED9E1472}.Release|Any CPU.Build.0 = Release|Any CPU
	EndGlobalSection
	GlobalSection(SolutionProperties) = preSolution
		HideSolutionNode = FALSE
	EndGlobalSection
	GlobalSection(ExtensibilityGlobals) = postSolution
		SolutionGuid = {0044B44E-EF72-49E6-B8CF-C5CCCB9636DD}
	EndGlobalSection
EndGlobal
