
Microsoft Visual Studio Solution File, Format Version 12.00
# Visual Studio Version 17
VisualStudioVersion = 17.8.34309.116
MinimumVisualStudioVersion = 10.0.40219.1
Project("{FAE04EC0-301F-11D3-BF4B-00C04F79EFBC}") = "ExPropostoBeecrowd1037", "ExPropostoBeecrowd1037\ExPropostoBeecrowd1037.csproj", "{F3EC8DB0-5BCA-4211-989E-2E42DD33FAC2}"
EndProject
Global
	GlobalSection(SolutionConfigurationPlatforms) = preSolution
		Debug|Any CPU = Debug|Any CPU
		Release|Any CPU = Release|Any CPU
	EndGlobalSection
	GlobalSection(ProjectConfigurationPlatforms) = postSolution
		{F3EC8DB0-5BCA-4211-989E-2E42DD33FAC2}.Debug|Any CPU.ActiveCfg = Debug|Any CPU
		{F3EC8DB0-5BCA-4211-989E-2E42DD33FAC2}.Debug|Any CPU.Build.0 = Debug|Any CPU
		{F3EC8DB0-5BCA-4211-989E-2E42DD33FAC2}.Release|Any CPU.ActiveCfg = Release|Any CPU
		{F3EC8DB0-5BCA-4211-989E-2E42DD33FAC2}.Release|Any CPU.Build.0 = Release|Any CPU
	EndGlobalSection
	GlobalSection(SolutionProperties) = preSolution
		HideSolutionNode = FALSE
	EndGlobalSection
	GlobalSection(ExtensibilityGlobals) = postSolution
		SolutionGuid = {88D7E5BD-1746-4A0E-8632-6D88261AC110}
	EndGlobalSection
EndGlobal
