
Microsoft Visual Studio Solution File, Format Version 12.00
# Visual Studio Version 17
VisualStudioVersion = 17.8.34309.116
MinimumVisualStudioVersion = 10.0.40219.1
Project("{FAE04EC0-301F-11D3-BF4B-00C04F79EFBC}") = "ExPropostoBeecrowd1047", "ExPropostoBeecrowd1047\ExPropostoBeecrowd1047.csproj", "{BAED4090-4F31-489B-B0FC-66D46B5C0561}"
EndProject
Global
	GlobalSection(SolutionConfigurationPlatforms) = preSolution
		Debug|Any CPU = Debug|Any CPU
		Release|Any CPU = Release|Any CPU
	EndGlobalSection
	GlobalSection(ProjectConfigurationPlatforms) = postSolution
		{BAED4090-4F31-489B-B0FC-66D46B5C0561}.Debug|Any CPU.ActiveCfg = Debug|Any CPU
		{BAED4090-4F31-489B-B0FC-66D46B5C0561}.Debug|Any CPU.Build.0 = Debug|Any CPU
		{BAED4090-4F31-489B-B0FC-66D46B5C0561}.Release|Any CPU.ActiveCfg = Release|Any CPU
		{BAED4090-4F31-489B-B0FC-66D46B5C0561}.Release|Any CPU.Build.0 = Release|Any CPU
	EndGlobalSection
	GlobalSection(SolutionProperties) = preSolution
		HideSolutionNode = FALSE
	EndGlobalSection
	GlobalSection(ExtensibilityGlobals) = postSolution
		SolutionGuid = {0D70596A-564C-469C-9255-6E76F49F746A}
	EndGlobalSection
EndGlobal
